
Microsoft Visual Studio Solution File, Format Version 12.00
# Visual Studio Version 16
VisualStudioVersion = 16.0.31005.135
MinimumVisualStudioVersion = 10.0.40219.1
Project("{FAE04EC0-301F-11D3-BF4B-00C04F79EFBC}") = "Training_ApiShots", "Training_ApiShots.csproj", "{49A82970-0BD2-4798-9BB6-4ECE09C03DF6}"
EndProject
Global
	GlobalSection(SolutionConfigurationPlatforms) = preSolution
		Debug|Any CPU = Debug|Any CPU
		Release|Any CPU = Release|Any CPU
	EndGlobalSection
	GlobalSection(ProjectConfigurationPlatforms) = postSolution
		{49A82970-0BD2-4798-9BB6-4ECE09C03DF6}.Debug|Any CPU.ActiveCfg = Debug|Any CPU
		{49A82970-0BD2-4798-9BB6-4ECE09C03DF6}.Debug|Any CPU.Build.0 = Debug|Any CPU
		{49A82970-0BD2-4798-9BB6-4ECE09C03DF6}.Release|Any CPU.ActiveCfg = Release|Any CPU
		{49A82970-0BD2-4798-9BB6-4ECE09C03DF6}.Release|Any CPU.Build.0 = Release|Any CPU
	EndGlobalSection
	GlobalSection(SolutionProperties) = preSolution
		HideSolutionNode = FALSE
	EndGlobalSection
	GlobalSection(ExtensibilityGlobals) = postSolution
		SolutionGuid = {E1B06763-93A6-4368-AB45-DBEFD26A5DF7}
	EndGlobalSection
EndGlobal
